
Microsoft Visual Studio Solution File, Format Version 12.00
# Visual Studio 2013
VisualStudioVersion = 12.0.21005.1
MinimumVisualStudioVersion = 10.0.40219.1
Project("{F184B08F-C81C-45F6-A57F-5ABD9991F28F}") = "Loan_Calculator_dhunsyam", "WindowsApplication1\Loan_Calculator_dhunsyam.vbproj", "{8785C170-EFE8-4371-868F-8E17B6578A33}"
EndProject
Global
	GlobalSection(SolutionConfigurationPlatforms) = preSolution
		Debug|Any CPU = Debug|Any CPU
		Release|Any CPU = Release|Any CPU
	EndGlobalSection
	GlobalSection(ProjectConfigurationPlatforms) = postSolution
		{8785C170-EFE8-4371-868F-8E17B6578A33}.Debug|Any CPU.ActiveCfg = Debug|Any CPU
		{8785C170-EFE8-4371-868F-8E17B6578A33}.Debug|Any CPU.Build.0 = Debug|Any CPU
		{8785C170-EFE8-4371-868F-8E17B6578A33}.Release|Any CPU.ActiveCfg = Release|Any CPU
		{8785C170-EFE8-4371-868F-8E17B6578A33}.Release|Any CPU.Build.0 = Release|Any CPU
	EndGlobalSection
	GlobalSection(SolutionProperties) = preSolution
		HideSolutionNode = FALSE
	EndGlobalSection
EndGlobal
