
Microsoft Visual Studio Solution File, Format Version 11.00
# Visual Studio 2010
Project("{F184B08F-C81C-45F6-A57F-5ABD9991F28F}") = "Database_application", "Database_application\Database_application.vbproj", "{4F71CDA6-4A4D-47F2-8275-711EB7FA73CA}"
EndProject
Global
	GlobalSection(SolutionConfigurationPlatforms) = preSolution
		Debug|Any CPU = Debug|Any CPU
		Release|Any CPU = Release|Any CPU
	EndGlobalSection
	GlobalSection(ProjectConfigurationPlatforms) = postSolution
		{4F71CDA6-4A4D-47F2-8275-711EB7FA73CA}.Debug|Any CPU.ActiveCfg = Debug|Any CPU
		{4F71CDA6-4A4D-47F2-8275-711EB7FA73CA}.Debug|Any CPU.Build.0 = Debug|Any CPU
		{4F71CDA6-4A4D-47F2-8275-711EB7FA73CA}.Release|Any CPU.ActiveCfg = Release|Any CPU
		{4F71CDA6-4A4D-47F2-8275-711EB7FA73CA}.Release|Any CPU.Build.0 = Release|Any CPU
	EndGlobalSection
	GlobalSection(SolutionProperties) = preSolution
		HideSolutionNode = FALSE
	EndGlobalSection
EndGlobal
